
Microsoft Visual Studio Solution File, Format Version 12.00
# Visual Studio Version 17
VisualStudioVersion = 17.5.33530.505
MinimumVisualStudioVersion = 10.0.40219.1
Project("{FAE04EC0-301F-11D3-BF4B-00C04F79EFBC}") = "Randolf.WordToolkit", "Randolf.WordToolkit\Randolf.WordToolkit.csproj", "{A95F6778-A232-4189-9B84-1A0217088460}"
EndProject
Global
	GlobalSection(SolutionConfigurationPlatforms) = preSolution
		Debug|Any CPU = Debug|Any CPU
		Release|Any CPU = Release|Any CPU
	EndGlobalSection
	GlobalSection(ProjectConfigurationPlatforms) = postSolution
		{A95F6778-A232-4189-9B84-1A0217088460}.Debug|Any CPU.ActiveCfg = Debug|Any CPU
		{A95F6778-A232-4189-9B84-1A0217088460}.Debug|Any CPU.Build.0 = Debug|Any CPU
		{A95F6778-A232-4189-9B84-1A0217088460}.Release|Any CPU.ActiveCfg = Release|Any CPU
		{A95F6778-A232-4189-9B84-1A0217088460}.Release|Any CPU.Build.0 = Release|Any CPU
	EndGlobalSection
	GlobalSection(SolutionProperties) = preSolution
		HideSolutionNode = FALSE
	EndGlobalSection
	GlobalSection(ExtensibilityGlobals) = postSolution
		SolutionGuid = {997215FE-98E1-449B-BB0D-0E7984A56F80}
	EndGlobalSection
EndGlobal
